PODS:
  - Flutter (1.0.0)
  - metronome (2.0.1):
    - Flutter
    - FlutterMacOS

DEPENDENCIES:
  - Flutter (from `Flutter`)
  - metronome (from `.symlinks/plugins/metronome/darwin`)

EXTERNAL SOURCES:
  Flutter:
    :path: Flutter
  metronome:
    :path: ".symlinks/plugins/metronome/darwin"

SPEC CHECKSUMS:
  Flutter: e0871f40cf51350855a761d2e70bf5af5b9b5de7
  metronome: 2a277ef51a3d1eef7c38807bcb2632be40e3bf8d

PODFILE CHECKSUM: 819463e6a0290f5a72f145ba7cde16e8b6ef0796

COCOAPODS: 1.16.2
