PODS:
  - FlutterMacOS (1.0.0)
  - metronome (2.0.1):
    - Flutter
    - FlutterMacOS

DEPENDENCIES:
  - FlutterMacOS (from `Flutter/ephemeral`)
  - metronome (from `Flutter/ephemeral/.symlinks/plugins/metronome/darwin`)

EXTERNAL SOURCES:
  FlutterMacOS:
    :path: Flutter/ephemeral
  metronome:
    :path: Flutter/ephemeral/.symlinks/plugins/metronome/darwin

SPEC CHECKSUMS:
  FlutterMacOS: 8f6f14fa908a6fb3fba0cd85dbd81ec4b251fb24
  metronome: 2a277ef51a3d1eef7c38807bcb2632be40e3bf8d

PODFILE CHECKSUM: 236401fc2c932af29a9fcf0e97baeeb2d750d367

COCOAPODS: 1.16.2
